
Microsoft Visual Studio Solution File, Format Version 12.00
# Visual Studio Version 16
VisualStudioVersion = 16.0.30517.126
MinimumVisualStudioVersion = 10.0.40219.1
Project("{8BC9CEB8-8B4A-11D0-8D11-00A0C91BC942}") = "Project1", "Project1\Project1.vcxproj", "{25C14CB3-5351-41E5-AD70-74114BEAD215}"
EndProject
Global
	GlobalSection(SolutionConfigurationPlatforms) = preSolution
		Debug|x64 = Debug|x64
		Debug|x86 = Debug|x86
		Release|x64 = Release|x64
		Release|x86 = Release|x86
	EndGlobalSection
	GlobalSection(ProjectConfigurationPlatforms) = postSolution
		{25C14CB3-5351-41E5-AD70-74114BEAD215}.Debug|x64.ActiveCfg = Debug|x64
		{25C14CB3-5351-41E5-AD70-74114BEAD215}.Debug|x64.Build.0 = Debug|x64
		{25C14CB3-5351-41E5-AD70-74114BEAD215}.Debug|x86.ActiveCfg = Debug|Win32
		{25C14CB3-5351-41E5-AD70-74114BEAD215}.Debug|x86.Build.0 = Debug|Win32
		{25C14CB3-5351-41E5-AD70-74114BEAD215}.Release|x64.ActiveCfg = Release|x64
		{25C14CB3-5351-41E5-AD70-74114BEAD215}.Release|x64.Build.0 = Release|x64
		{25C14CB3-5351-41E5-AD70-74114BEAD215}.Release|x86.ActiveCfg = Release|Win32
		{25C14CB3-5351-41E5-AD70-74114BEAD215}.Release|x86.Build.0 = Release|Win32
	EndGlobalSection
	GlobalSection(SolutionProperties) = preSolution
		HideSolutionNode = FALSE
	EndGlobalSection
	GlobalSection(ExtensibilityGlobals) = postSolution
		SolutionGuid = {D667ADF0-4E36-4446-9026-6F83C4C253B2}
	EndGlobalSection
EndGlobal
